
Microsoft Visual Studio Solution File, Format Version 12.00
# Visual Studio 15
VisualStudioVersion = 15.0.27703.2026
MinimumVisualStudioVersion = 10.0.40219.1
Project("{888888A0-9F3D-457C-B088-3A5042F75D52}") = "sudoku", "sudoku\sudoku.pyproj", "{2F32F298-E3FD-4156-8E45-EF0C407E179D}"
EndProject
Global
	GlobalSection(SolutionConfigurationPlatforms) = preSolution
		Debug|Any CPU = Debug|Any CPU
		Release|Any CPU = Release|Any CPU
	EndGlobalSection
	GlobalSection(ProjectConfigurationPlatforms) = postSolution
		{2F32F298-E3FD-4156-8E45-EF0C407E179D}.Debug|Any CPU.ActiveCfg = Debug|Any CPU
		{2F32F298-E3FD-4156-8E45-EF0C407E179D}.Release|Any CPU.ActiveCfg = Release|Any CPU
	EndGlobalSection
	GlobalSection(SolutionProperties) = preSolution
		HideSolutionNode = FALSE
	EndGlobalSection
	GlobalSection(ExtensibilityGlobals) = postSolution
		SolutionGuid = {4F296C23-4291-4E11-B9C2-D671527F18B3}
	EndGlobalSection
EndGlobal
